
Microsoft Visual Studio Solution File, Format Version 12.00
# Visual Studio Version 16
VisualStudioVersion = 16.0.31112.23
MinimumVisualStudioVersion = 10.0.40219.1
Project("{FAE04EC0-301F-11D3-BF4B-00C04F79EFBC}") = "GameProject", "GameProject\GameProject.csproj", "{09B45CD8-F7D0-43A6-9A23-5F076BF0DD42}"
EndProject
Global
	GlobalSection(SolutionConfigurationPlatforms) = preSolution
		Debug|Any CPU = Debug|Any CPU
		Release|Any CPU = Release|Any CPU
	EndGlobalSection
	GlobalSection(ProjectConfigurationPlatforms) = postSolution
		{09B45CD8-F7D0-43A6-9A23-5F076BF0DD42}.Debug|Any CPU.ActiveCfg = Debug|Any CPU
		{09B45CD8-F7D0-43A6-9A23-5F076BF0DD42}.Debug|Any CPU.Build.0 = Debug|Any CPU
		{09B45CD8-F7D0-43A6-9A23-5F076BF0DD42}.Release|Any CPU.ActiveCfg = Release|Any CPU
		{09B45CD8-F7D0-43A6-9A23-5F076BF0DD42}.Release|Any CPU.Build.0 = Release|Any CPU
	EndGlobalSection
	GlobalSection(SolutionProperties) = preSolution
		HideSolutionNode = FALSE
	EndGlobalSection
	GlobalSection(ExtensibilityGlobals) = postSolution
		SolutionGuid = {F17A6029-50E5-4BA7-B37C-EA510CF523ED}
	EndGlobalSection
EndGlobal
